
Microsoft Visual Studio Solution File, Format Version 12.00
# Visual Studio 15
VisualStudioVersion = 15.0.28010.2046
MinimumVisualStudioVersion = 10.0.40219.1
Project("{FAE04EC0-301F-11D3-BF4B-00C04F79EFBC}") = "SimpleChecklist.Android", "SimpleChecklist\SimpleChecklist.Android\SimpleChecklist.Android.csproj", "{24CE3C36-16B9-426D-AA0C-5961ECF8D88C}"
EndProject
Project("{FAE04EC0-301F-11D3-BF4B-00C04F79EFBC}") = "SimpleChecklist.UWP", "SimpleChecklist\SimpleChecklist.UWP\SimpleChecklist.UWP.csproj", "{DFAACA6C-4DD2-4E00-9A8C-0B74F700C6BE}"
EndProject
Project("{9A19103F-16F7-4668-BE54-9A1E7A4F7556}") = "SimpleChecklist.Common", "SimpleChecklist\SimpleChecklist.Common\SimpleChecklist.Common.csproj", "{8C19C719-96E8-47B3-91A3-F0AAC51112D8}"
EndProject
Project("{9A19103F-16F7-4668-BE54-9A1E7A4F7556}") = "SimpleChecklist.Core", "SimpleChecklist\SimpleChecklist.Core\SimpleChecklist.Core.csproj", "{504E7C4B-7A2B-4A05-83A2-CFF8D660A912}"
EndProject
Project("{9A19103F-16F7-4668-BE54-9A1E7A4F7556}") = "SimpleChecklist.LegacyDataRepository", "SimpleChecklist\SimpleChecklist.LegacyDataRepository\SimpleChecklist.LegacyDataRepository.csproj", "{1D37491F-D98E-4B1F-AC8C-365ADEC946DE}"
EndProject
Project("{FAE04EC0-301F-11D3-BF4B-00C04F79EFBC}") = "SimpleChecklist.Tests", "SimpleChecklist\SimpleChecklist.Tests\SimpleChecklist.Tests.csproj", "{577B2F3A-B78D-4989-ACE8-FFA0B3E3406B}"
EndProject
Project("{9A19103F-16F7-4668-BE54-9A1E7A4F7556}") = "SimpleChecklist.UI", "SimpleChecklist\SimpleChecklist.UI\SimpleChecklist.UI.csproj", "{85222625-721A-4A8F-A6B0-37ECAF84586D}"
EndProject
Global
	GlobalSection(SolutionConfigurationPlatforms) = preSolution
		Debug|Any CPU = Debug|Any CPU
		Debug|ARM = Debug|ARM
		Debug|x64 = Debug|x64
		Debug|x86 = Debug|x86
		Release|Any CPU = Release|Any CPU
		Release|ARM = Release|ARM
		Release|x64 = Release|x64
		Release|x86 = Release|x86
	EndGlobalSection
	GlobalSection(ProjectConfigurationPlatforms) = postSolution
		{24CE3C36-16B9-426D-AA0C-5961ECF8D88C}.Debug|Any CPU.ActiveCfg = Debug|Any CPU
		{24CE3C36-16B9-426D-AA0C-5961ECF8D88C}.Debug|Any CPU.Build.0 = Debug|Any CPU
		{24CE3C36-16B9-426D-AA0C-5961ECF8D88C}.Debug|Any CPU.Deploy.0 = Debug|Any CPU
		{24CE3C36-16B9-426D-AA0C-5961ECF8D88C}.Debug|ARM.ActiveCfg = Debug|Any CPU
		{24CE3C36-16B9-426D-AA0C-5961ECF8D88C}.Debug|ARM.Build.0 = Debug|Any CPU
		{24CE3C36-16B9-426D-AA0C-5961ECF8D88C}.Debug|ARM.Deploy.0 = Debug|Any CPU
		{24CE3C36-16B9-426D-AA0C-5961ECF8D88C}.Debug|x64.ActiveCfg = Debug|Any CPU
		{24CE3C36-16B9-426D-AA0C-5961ECF8D88C}.Debug|x64.Build.0 = Debug|Any CPU
		{24CE3C36-16B9-426D-AA0C-5961ECF8D88C}.Debug|x64.Deploy.0 = Debug|Any CPU
		{24CE3C36-16B9-426D-AA0C-5961ECF8D88C}.Debug|x86.ActiveCfg = Debug|Any CPU
		{24CE3C36-16B9-426D-AA0C-5961ECF8D88C}.Debug|x86.Build.0 = Debug|Any CPU
		{24CE3C36-16B9-426D-AA0C-5961ECF8D88C}.Debug|x86.Deploy.0 = Debug|Any CPU
		{24CE3C36-16B9-426D-AA0C-5961ECF8D88C}.Release|Any CPU.ActiveCfg = Release|Any CPU
		{24CE3C36-16B9-426D-AA0C-5961ECF8D88C}.Release|Any CPU.Build.0 = Release|Any CPU
		{24CE3C36-16B9-426D-AA0C-5961ECF8D88C}.Release|Any CPU.Deploy.0 = Release|Any CPU
		{24CE3C36-16B9-426D-AA0C-5961ECF8D88C}.Release|ARM.ActiveCfg = Release|Any CPU
		{24CE3C36-16B9-426D-AA0C-5961ECF8D88C}.Release|ARM.Build.0 = Release|Any CPU
		{24CE3C36-16B9-426D-AA0C-5961ECF8D88C}.Release|ARM.Deploy.0 = Release|Any CPU
		{24CE3C36-16B9-426D-AA0C-5961ECF8D88C}.Release|x64.ActiveCfg = Release|Any CPU
		{24CE3C36-16B9-426D-AA0C-5961ECF8D88C}.Release|x64.Build.0 = Release|Any CPU
		{24CE3C36-16B9-426D-AA0C-5961ECF8D88C}.Release|x64.Deploy.0 = Release|Any CPU
		{24CE3C36-16B9-426D-AA0C-5961ECF8D88C}.Release|x86.ActiveCfg = Release|Any CPU
		{24CE3C36-16B9-426D-AA0C-5961ECF8D88C}.Release|x86.Build.0 = Release|Any CPU
		{24CE3C36-16B9-426D-AA0C-5961ECF8D88C}.Release|x86.Deploy.0 = Release|Any CPU
		{DFAACA6C-4DD2-4E00-9A8C-0B74F700C6BE}.Debug|Any CPU.ActiveCfg = Debug|x86
		{DFAACA6C-4DD2-4E00-9A8C-0B74F700C6BE}.Debug|Any CPU.Build.0 = Debug|x86
		{DFAACA6C-4DD2-4E00-9A8C-0B74F700C6BE}.Debug|Any CPU.Deploy.0 = Debug|x86
		{DFAACA6C-4DD2-4E00-9A8C-0B74F700C6BE}.Debug|ARM.ActiveCfg = Debug|ARM
		{DFAACA6C-4DD2-4E00-9A8C-0B74F700C6BE}.Debug|ARM.Build.0 = Debug|ARM
		{DFAACA6C-4DD2-4E00-9A8C-0B74F700C6BE}.Debug|ARM.Deploy.0 = Debug|ARM
		{DFAACA6C-4DD2-4E00-9A8C-0B74F700C6BE}.Debug|x64.ActiveCfg = Debug|x64
		{DFAACA6C-4DD2-4E00-9A8C-0B74F700C6BE}.Debug|x64.Build.0 = Debug|x64
		{DFAACA6C-4DD2-4E00-9A8C-0B74F700C6BE}.Debug|x64.Deploy.0 = Debug|x64
		{DFAACA6C-4DD2-4E00-9A8C-0B74F700C6BE}.Debug|x86.ActiveCfg = Debug|x86
		{DFAACA6C-4DD2-4E00-9A8C-0B74F700C6BE}.Debug|x86.Build.0 = Debug|x86
		{DFAACA6C-4DD2-4E00-9A8C-0B74F700C6BE}.Debug|x86.Deploy.0 = Debug|x86
		{DFAACA6C-4DD2-4E00-9A8C-0B74F700C6BE}.Release|Any CPU.ActiveCfg = Release|x86
		{DFAACA6C-4DD2-4E00-9A8C-0B74F700C6BE}.Release|Any CPU.Build.0 = Release|x86
		{DFAACA6C-4DD2-4E00-9A8C-0B74F700C6BE}.Release|Any CPU.Deploy.0 = Release|x86
		{DFAACA6C-4DD2-4E00-9A8C-0B74F700C6BE}.Release|ARM.ActiveCfg = Release|ARM
		{DFAACA6C-4DD2-4E00-9A8C-0B74F700C6BE}.Release|ARM.Build.0 = Release|ARM
		{DFAACA6C-4DD2-4E00-9A8C-0B74F700C6BE}.Release|ARM.Deploy.0 = Release|ARM
		{DFAACA6C-4DD2-4E00-9A8C-0B74F700C6BE}.Release|x64.ActiveCfg = Release|x64
		{DFAACA6C-4DD2-4E00-9A8C-0B74F700C6BE}.Release|x64.Build.0 = Release|x64
		{DFAACA6C-4DD2-4E00-9A8C-0B74F700C6BE}.Release|x64.Deploy.0 = Release|x64
		{DFAACA6C-4DD2-4E00-9A8C-0B74F700C6BE}.Release|x86.ActiveCfg = Release|x86
		{DFAACA6C-4DD2-4E00-9A8C-0B74F700C6BE}.Release|x86.Build.0 = Release|x86
		{DFAACA6C-4DD2-4E00-9A8C-0B74F700C6BE}.Release|x86.Deploy.0 = Release|x86
		{8C19C719-96E8-47B3-91A3-F0AAC51112D8}.Debug|Any CPU.ActiveCfg = Debug|Any CPU
		{8C19C719-96E8-47B3-91A3-F0AAC51112D8}.Debug|Any CPU.Build.0 = Debug|Any CPU
		{8C19C719-96E8-47B3-91A3-F0AAC51112D8}.Debug|ARM.ActiveCfg = Debug|Any CPU
		{8C19C719-96E8-47B3-91A3-F0AAC51112D8}.Debug|ARM.Build.0 = Debug|Any CPU
		{8C19C719-96E8-47B3-91A3-F0AAC51112D8}.Debug|x64.ActiveCfg = Debug|Any CPU
		{8C19C719-96E8-47B3-91A3-F0AAC51112D8}.Debug|x64.Build.0 = Debug|Any CPU
		{8C19C719-96E8-47B3-91A3-F0AAC51112D8}.Debug|x86.ActiveCfg = Debug|Any CPU
		{8C19C719-96E8-47B3-91A3-F0AAC51112D8}.Debug|x86.Build.0 = Debug|Any CPU
		{8C19C719-96E8-47B3-91A3-F0AAC51112D8}.Release|Any CPU.ActiveCfg = Release|Any CPU
		{8C19C719-96E8-47B3-91A3-F0AAC51112D8}.Release|Any CPU.Build.0 = Release|Any CPU
		{8C19C719-96E8-47B3-91A3-F0AAC51112D8}.Release|ARM.ActiveCfg = Release|Any CPU
		{8C19C719-96E8-47B3-91A3-F0AAC51112D8}.Release|ARM.Build.0 = Release|Any CPU
		{8C19C719-96E8-47B3-91A3-F0AAC51112D8}.Release|x64.ActiveCfg = Release|Any CPU
		{8C19C719-96E8-47B3-91A3-F0AAC51112D8}.Release|x64.Build.0 = Release|Any CPU
		{8C19C719-96E8-47B3-91A3-F0AAC51112D8}.Release|x86.ActiveCfg = Release|Any CPU
		{8C19C719-96E8-47B3-91A3-F0AAC51112D8}.Release|x86.Build.0 = Release|Any CPU
		{504E7C4B-7A2B-4A05-83A2-CFF8D660A912}.Debug|Any CPU.ActiveCfg = Debug|Any CPU
		{504E7C4B-7A2B-4A05-83A2-CFF8D660A912}.Debug|Any CPU.Build.0 = Debug|Any CPU
		{504E7C4B-7A2B-4A05-83A2-CFF8D660A912}.Debug|ARM.ActiveCfg = Debug|Any CPU
		{504E7C4B-7A2B-4A05-83A2-CFF8D660A912}.Debug|ARM.Build.0 = Debug|Any CPU
		{504E7C4B-7A2B-4A05-83A2-CFF8D660A912}.Debug|x64.ActiveCfg = Debug|Any CPU
		{504E7C4B-7A2B-4A05-83A2-CFF8D660A912}.Debug|x64.Build.0 = Debug|Any CPU
		{504E7C4B-7A2B-4A05-83A2-CFF8D660A912}.Debug|x86.ActiveCfg = Debug|Any CPU
		{504E7C4B-7A2B-4A05-83A2-CFF8D660A912}.Debug|x86.Build.0 = Debug|Any CPU
		{504E7C4B-7A2B-4A05-83A2-CFF8D660A912}.Release|Any CPU.ActiveCfg = Release|Any CPU
		{504E7C4B-7A2B-4A05-83A2-CFF8D660A912}.Release|Any CPU.Build.0 = Release|Any CPU
		{504E7C4B-7A2B-4A05-83A2-CFF8D660A912}.Release|ARM.ActiveCfg = Release|Any CPU
		{504E7C4B-7A2B-4A05-83A2-CFF8D660A912}.Release|ARM.Build.0 = Release|Any CPU
		{504E7C4B-7A2B-4A05-83A2-CFF8D660A912}.Release|x64.ActiveCfg = Release|Any CPU
		{504E7C4B-7A2B-4A05-83A2-CFF8D660A912}.Release|x64.Build.0 = Release|Any CPU
		{504E7C4B-7A2B-4A05-83A2-CFF8D660A912}.Release|x86.ActiveCfg = Release|Any CPU
		{504E7C4B-7A2B-4A05-83A2-CFF8D660A912}.Release|x86.Build.0 = Release|Any CPU
		{1D37491F-D98E-4B1F-AC8C-365ADEC946DE}.Debug|Any CPU.ActiveCfg = Debug|Any CPU
		{1D37491F-D98E-4B1F-AC8C-365ADEC946DE}.Debug|Any CPU.Build.0 = Debug|Any CPU
		{1D37491F-D98E-4B1F-AC8C-365ADEC946DE}.Debug|ARM.ActiveCfg = Debug|Any CPU
		{1D37491F-D98E-4B1F-AC8C-365ADEC946DE}.Debug|ARM.Build.0 = Debug|Any CPU
		{1D37491F-D98E-4B1F-AC8C-365ADEC946DE}.Debug|x64.ActiveCfg = Debug|Any CPU
		{1D37491F-D98E-4B1F-AC8C-365ADEC946DE}.Debug|x64.Build.0 = Debug|Any CPU
		{1D37491F-D98E-4B1F-AC8C-365ADEC946DE}.Debug|x86.ActiveCfg = Debug|Any CPU
		{1D37491F-D98E-4B1F-AC8C-365ADEC946DE}.Debug|x86.Build.0 = Debug|Any CPU
		{1D37491F-D98E-4B1F-AC8C-365ADEC946DE}.Release|Any CPU.ActiveCfg = Release|Any CPU
		{1D37491F-D98E-4B1F-AC8C-365ADEC946DE}.Release|Any CPU.Build.0 = Release|Any CPU
		{1D37491F-D98E-4B1F-AC8C-365ADEC946DE}.Release|ARM.ActiveCfg = Release|Any CPU
		{1D37491F-D98E-4B1F-AC8C-365ADEC946DE}.Release|ARM.Build.0 = Release|Any CPU
		{1D37491F-D98E-4B1F-AC8C-365ADEC946DE}.Release|x64.ActiveCfg = Release|Any CPU
		{1D37491F-D98E-4B1F-AC8C-365ADEC946DE}.Release|x64.Build.0 = Release|Any CPU
		{1D37491F-D98E-4B1F-AC8C-365ADEC946DE}.Release|x86.ActiveCfg = Release|Any CPU
		{1D37491F-D98E-4B1F-AC8C-365ADEC946DE}.Release|x86.Build.0 = Release|Any CPU
		{577B2F3A-B78D-4989-ACE8-FFA0B3E3406B}.Debug|Any CPU.ActiveCfg = Debug|Any CPU
		{577B2F3A-B78D-4989-ACE8-FFA0B3E3406B}.Debug|Any CPU.Build.0 = Debug|Any CPU
		{577B2F3A-B78D-4989-ACE8-FFA0B3E3406B}.Debug|ARM.ActiveCfg = Debug|Any CPU
		{577B2F3A-B78D-4989-ACE8-FFA0B3E3406B}.Debug|ARM.Build.0 = Debug|Any CPU
		{577B2F3A-B78D-4989-ACE8-FFA0B3E3406B}.Debug|x64.ActiveCfg = Debug|Any CPU
		{577B2F3A-B78D-4989-ACE8-FFA0B3E3406B}.Debug|x64.Build.0 = Debug|Any CPU
		{577B2F3A-B78D-4989-ACE8-FFA0B3E3406B}.Debug|x86.ActiveCfg = Debug|Any CPU
		{577B2F3A-B78D-4989-ACE8-FFA0B3E3406B}.Debug|x86.Build.0 = Debug|Any CPU
		{577B2F3A-B78D-4989-ACE8-FFA0B3E3406B}.Release|Any CPU.ActiveCfg = Release|Any CPU
		{577B2F3A-B78D-4989-ACE8-FFA0B3E3406B}.Release|Any CPU.Build.0 = Release|Any CPU
		{577B2F3A-B78D-4989-ACE8-FFA0B3E3406B}.Release|ARM.ActiveCfg = Release|Any CPU
		{577B2F3A-B78D-4989-ACE8-FFA0B3E3406B}.Release|ARM.Build.0 = Release|Any CPU
		{577B2F3A-B78D-4989-ACE8-FFA0B3E3406B}.Release|x64.ActiveCfg = Release|Any CPU
		{577B2F3A-B78D-4989-ACE8-FFA0B3E3406B}.Release|x64.Build.0 = Release|Any CPU
		{577B2F3A-B78D-4989-ACE8-FFA0B3E3406B}.Release|x86.ActiveCfg = Release|Any CPU
		{577B2F3A-B78D-4989-ACE8-FFA0B3E3406B}.Release|x86.Build.0 = Release|Any CPU
		{85222625-721A-4A8F-A6B0-37ECAF84586D}.Debug|Any CPU.ActiveCfg = Debug|Any CPU
		{85222625-721A-4A8F-A6B0-37ECAF84586D}.Debug|Any CPU.Build.0 = Debug|Any CPU
		{85222625-721A-4A8F-A6B0-37ECAF84586D}.Debug|ARM.ActiveCfg = Debug|Any CPU
		{85222625-721A-4A8F-A6B0-37ECAF84586D}.Debug|ARM.Build.0 = Debug|Any CPU
		{85222625-721A-4A8F-A6B0-37ECAF84586D}.Debug|x64.ActiveCfg = Debug|Any CPU
		{85222625-721A-4A8F-A6B0-37ECAF84586D}.Debug|x64.Build.0 = Debug|Any CPU
		{85222625-721A-4A8F-A6B0-37ECAF84586D}.Debug|x86.ActiveCfg = Debug|Any CPU
		{85222625-721A-4A8F-A6B0-37ECAF84586D}.Debug|x86.Build.0 = Debug|Any CPU
		{85222625-721A-4A8F-A6B0-37ECAF84586D}.Release|Any CPU.ActiveCfg = Release|Any CPU
		{85222625-721A-4A8F-A6B0-37ECAF84586D}.Release|Any CPU.Build.0 = Release|Any CPU
		{85222625-721A-4A8F-A6B0-37ECAF84586D}.Release|ARM.ActiveCfg = Release|Any CPU
		{85222625-721A-4A8F-A6B0-37ECAF84586D}.Release|ARM.Build.0 = Release|Any CPU
		{85222625-721A-4A8F-A6B0-37ECAF84586D}.Release|x64.ActiveCfg = Release|Any CPU
		{85222625-721A-4A8F-A6B0-37ECAF84586D}.Release|x64.Build.0 = Release|Any CPU
		{85222625-721A-4A8F-A6B0-37ECAF84586D}.Release|x86.ActiveCfg = Release|Any CPU
		{85222625-721A-4A8F-A6B0-37ECAF84586D}.Release|x86.Build.0 = Release|Any CPU
	EndGlobalSection
	GlobalSection(SolutionProperties) = preSolution
		HideSolutionNode = FALSE
	EndGlobalSection
	GlobalSection(ExtensibilityGlobals) = postSolution
		SolutionGuid = {2E9FDDBF-3484-4F40-9C00-ECECA93681B1}
	EndGlobalSection
EndGlobal
